{
  "name": "stadium",
  "version": "1.0.0",
  "lockfileVersion": 1,
  "requires": true,
  "dependencies": {
    "@vant/weapp": {
      "version": "1.6.2",
      "resolved": "https://registry.npm.taobao.org/@vant/weapp/download/@vant/weapp-1.6.2.tgz",
      "integrity": "sha1-UaVSrll2SLaVXtc2ClN8Em2bg8M="
    },
    "weui-miniprogram": {
      "version": "1.0.6",
      "resolved": "https://registry.npm.taobao.org/weui-miniprogram/download/weui-miniprogram-1.0.6.tgz",
      "integrity": "sha1-JnQ4JOD3m5LkQXo9s9F/djHYgNw="
    }
  }
}
